// !$*UTF8*$!
{
	archiveVersion = 1;
	classes = {
	};
	objectVersion = 46;
	objects = {

/* Begin PBXBuildFile section */
		2F1C89541BFA4EF300615249 /* AppDelegate.swift in Sources */ = {isa = PBXBuildFile; fileRef = 2F1C89531BFA4EF300615249 /* AppDelegate.swift */; };
		2F1C89561BFA4EF300615249 /* ViewController.swift in Sources */ = {isa = PBXBuildFile; fileRef = 2F1C89551BFA4EF300615249 /* ViewController.swift */; };
		2F1C89591BFA4EF300615249 /* Main.storyboard in Resources */ = {isa = PBXBuildFile; fileRef = 2F1C89571BFA4EF300615249 /* Main.storyboard */; };
		2F1C895B1BFA4EF300615249 /* Images.xcassets in Resources */ = {isa = PBXBuildFile; fileRef = 2F1C895A1BFA4EF300615249 /* Images.xcassets */; };
		2F1C895E1BFA4EF300615249 /* LaunchScreen.xib in Resources */ = {isa = PBXBuildFile; fileRef = 2F1C895C1BFA4EF300615249 /* LaunchScreen.xib */; };
		2F1C896A1BFA4EF300615249 /* AquaMaintMainTests.swift in Sources */ = {isa = PBXBuildFile; fileRef = 2F1C89691BFA4EF300615249 /* AquaMaintMainTests.swift */; };
/* End PBXBuildFile section */

/* Begin PBXContainerItemProxy section */
		2F1C89641BFA4EF300615249 /* PBXContainerItemProxy */ = {
			isa = PBXContainerItemProxy;
			containerPortal = 2F1C89461BFA4EF300615249 /* Project object */;
			proxyType = 1;
			remoteGlobalIDString = 2F1C894D1BFA4EF300615249;
			remoteInfo = AquaMaintMain;
		};
/* End PBXContainerItemProxy section */

/* Begin PBXFileReference section */
		2F1C894E1BFA4EF300615249 /* AquaMaintMain.app */ = {isa = PBXFileReference; explicitFileType = wrapper.application; includeInIndex = 0; path = AquaMaintMain.app; sourceTree = BUILT_PRODUCTS_DIR; };
		2F1C89521BFA4EF300615249 /* Info.plist */ = {isa = PBXFileReference; lastKnownFileType = text.plist.xml; path = Info.plist; sourceTree = "<group>"; };
		2F1C89531BFA4EF300615249 /* AppDelegate.swift */ = {isa = PBXFileReference; lastKnownFileType = sourcecode.swift; path = AppDelegate.swift; sourceTree = "<group>"; };
		2F1C89551BFA4EF300615249 /* ViewController.swift */ = {isa = PBXFileReference; lastKnownFileType = sourcecode.swift; path = ViewController.swift; sourceTree = "<group>"; };
		2F1C89581BFA4EF300615249 /* Base */ = {isa = PBXFileReference; lastKnownFileType = file.storyboard; name = Base; path = Base.lproj/Main.storyboard; sourceTree = "<group>"; };
		2F1C895A1BFA4EF300615249 /* Images.xcassets */ = {isa = PBXFileReference; lastKnownFileType = folder.assetcatalog; path = Images.xcassets; sourceTree = "<group>"; };
		2F1C895D1BFA4EF300615249 /* Base */ = {isa = PBXFileReference; lastKnownFileType = file.xib; name = Base; path = Base.lproj/LaunchScreen.xib; sourceTree = "<group>"; };
		2F1C89631BFA4EF300615249 /* AquaMaintMainTests.xctest */ = {isa = PBXFileReference; explicitFileType = wrapper.cfbundle; includeInIndex = 0; path = AquaMaintMainTests.xctest; sourceTree = BUILT_PRODUCTS_DIR; };
		2F1C89681BFA4EF300615249 /* Info.plist */ = {isa = PBXFileReference; lastKnownFileType = text.plist.xml; path = Info.plist; sourceTree = "<group>"; };
		2F1C89691BFA4EF300615249 /* AquaMaintMainTests.swift */ = {isa = PBXFileReference; lastKnownFileType = sourcecode.swift; path = AquaMaintMainTests.swift; sourceTree = "<group>"; };
/* End PBXFileReference section */

/* Begin PBXFrameworksBuildPhase section */
		2F1C894B1BFA4EF300615249 /* Frameworks */ = {
			isa = PBXFrameworksBuildPhase;
			buildActionMask = 2147483647;
			files = (
			);
			runOnlyForDeploymentPostprocessing = 0;
		};
		2F1C89601BFA4EF300615249 /* Frameworks */ = {
			isa = PBXFrameworksBuildPhase;
			buildActionMask = 2147483647;
			files = (
			);
			runOnlyForDeploymentPostprocessing = 0;
		};
/* End PBXFrameworksBuildPhase section */

/* Begin PBXGroup section */
		2F1C89451BFA4EF300615249 = {
			isa = PBXGroup;
			children = (
				2F1C89501BFA4EF300615249 /* AquaMaintMain */,
				2F1C89661BFA4EF300615249 /* AquaMaintMainTests */,
				2F1C894F1BFA4EF300615249 /* Products */,
			);
			sourceTree = "<group>";
		};
		2F1C894F1BFA4EF300615249 /* Products */ = {
			isa = PBXGroup;
			children = (
				2F1C894E1BFA4EF300615249 /* AquaMaintMain.app */,
				2F1C89631BFA4EF300615249 /* AquaMaintMainTests.xctest */,
			);
			name = Products;
			sourceTree = "<group>";
		};
		2F1C89501BFA4EF300615249 /* AquaMaintMain */ = {
			isa = PBXGroup;
			children = (
				2F1C89531BFA4EF300615249 /* AppDelegate.swift */,
				2F1C89551BFA4EF300615249 /* ViewController.swift */,
				2F1C89571BFA4EF300615249 /* Main.storyboard */,
				2F1C895A1BFA4EF300615249 /* Images.xcassets */,
				2F1C895C1BFA4EF300615249 /* LaunchScreen.xib */,
				2F1C89511BFA4EF300615249 /* Supporting Files */,
			);
			path = AquaMaintMain;
			sourceTree = "<group>";
		};
		2F1C89511BFA4EF300615249 /* Supporting Files */ = {
			isa = PBXGroup;
			children = (
				2F1C89521BFA4EF300615249 /* Info.plist */,
			);
			name = "Supporting Files";
			sourceTree = "<group>";
		};
		2F1C89661BFA4EF300615249 /* AquaMaintMainTests */ = {
			isa = PBXGroup;
			children = (
				2F1C89691BFA4EF300615249 /* AquaMaintMainTests.swift */,
				2F1C89671BFA4EF300615249 /* Supporting Files */,
			);
			path = AquaMaintMainTests;
			sourceTree = "<group>";
		};
		2F1C89671BFA4EF300615249 /* Supporting Files */ = {
			isa = PBXGroup;
			children = (
				2F1C89681BFA4EF300615249 /* Info.plist */,
			);
			name = "Supporting Files";
			sourceTree = "<group>";
		};
/* End PBXGroup section */

/* Begin PBXNativeTarget section */
		2F1C894D1BFA4EF300615249 /* AquaMaintMain */ = {
			isa = PBXNativeTarget;
			buildConfigurationList = 2F1C896D1BFA4EF300615249 /* Build configuration list for PBXNativeTarget "AquaMaintMain" */;
			buildPhases = (
				2F1C894A1BFA4EF300615249 /* Sources */,
				2F1C894B1BFA4EF300615249 /* Frameworks */,
				2F1C894C1BFA4EF300615249 /* Resources */,
			);
			buildRules = (
			);
			dependencies = (
			);
			name = AquaMaintMain;
			productName = AquaMaintMain;
			productReference = 2F1C894E1BFA4EF300615249 /* AquaMaintMain.app */;
			productType = "com.apple.product-type.application";
		};
		2F1C89621BFA4EF300615249 /* AquaMaintMainTests */ = {
			isa = PBXNativeTarget;
			buildConfigurationList = 2F1C89701BFA4EF300615249 /* Build configuration list for PBXNativeTarget "AquaMaintMainTests" */;
			buildPhases = (
				2F1C895F1BFA4EF300615249 /* Sources */,
				2F1C89601BFA4EF300615249 /* Frameworks */,
				2F1C89611BFA4EF300615249 /* Resources */,
			);
			buildRules = (
			);
			dependencies = (
				2F1C89651BFA4EF300615249 /* PBXTargetDependency */,
			);
			name = AquaMaintMainTests;
			productName = AquaMaintMainTests;
			productReference = 2F1C89631BFA4EF300615249 /* AquaMaintMainTests.xctest */;
			productType = "com.apple.product-type.bundle.unit-test";
		};
/* End PBXNativeTarget section */

/* Begin PBXProject section */
		2F1C89461BFA4EF300615249 /* Project object */ = {
			isa = PBXProject;
			attributes = {
				LastUpgradeCheck = 0640;
				ORGANIZATIONNAME = "Tyler Harfst";
				TargetAttributes = {
					2F1C894D1BFA4EF300615249 = {
						CreatedOnToolsVersion = 6.4;
					};
					2F1C89621BFA4EF300615249 = {
						CreatedOnToolsVersion = 6.4;
						TestTargetID = 2F1C894D1BFA4EF300615249;
					};
				};
			};
			buildConfigurationList = 2F1C89491BFA4EF300615249 /* Build configuration list for PBXProject "AquaMaintMain" */;
			compatibilityVersion = "Xcode 3.2";
			developmentRegion = English;
			hasScannedForEncodings = 0;
			knownRegions = (
				en,
				Base,
			);
			mainGroup = 2F1C89451BFA4EF300615249;
			productRefGroup = 2F1C894F1BFA4EF300615249 /* Products */;
			projectDirPath = "";
			projectRoot = "";
			targets = (
				2F1C894D1BFA4EF300615249 /* AquaMaintMain */,
				2F1C89621BFA4EF300615249 /* AquaMaintMainTests */,
			);
		};
/* End PBXProject section */

/* Begin PBXResourcesBuildPhase section */
		2F1C894C1BFA4EF300615249 /* Resources */ = {
			isa = PBXResourcesBuildPhase;
			buildActionMask = 2147483647;
			files = (
				2F1C89591BFA4EF300615249 /* Main.storyboard in Resources */,
				2F1C895E1BFA4EF300615249 /* LaunchScreen.xib in Resources */,
				2F1C895B1BFA4EF300615249 /* Images.xcassets in Resources */,
			);
			runOnlyForDeploymentPostprocessing = 0;
		};
		2F1C89611BFA4EF300615249 /* Resources */ = {
			isa = PBXResourcesBuildPhase;
			buildActionMask = 2147483647;
			files = (
			);
			runOnlyForDeploymentPostprocessing = 0;
		};
/* End PBXResourcesBuildPhase section */

/* Begin PBXSourcesBuildPhase section */
		2F1C894A1BFA4EF300615249 /* Sources */ = {
			isa = PBXSourcesBuildPhase;
			buildActionMask = 2147483647;
			files = (
				2F1C89561BFA4EF300615249 /* ViewController.swift in Sources */,
				2F1C89541BFA4EF300615249 /* AppDelegate.swift in Sources */,
			);
			runOnlyForDeploymentPostprocessing = 0;
		};
		2F1C895F1BFA4EF300615249 /* Sources */ = {
			isa = PBXSourcesBuildPhase;
			buildActionMask = 2147483647;
			files = (
				2F1C896A1BFA4EF300615249 /* AquaMaintMainTests.swift in Sources */,
			);
			runOnlyForDeploymentPostprocessing = 0;
		};
/* End PBXSourcesBuildPhase section */

/* Begin PBXTargetDependency section */
		2F1C89651BFA4EF300615249 /* PBXTargetDependency */ = {
			isa = PBXTargetDependency;
			target = 2F1C894D1BFA4EF300615249 /* AquaMaintMain */;
			targetProxy = 2F1C89641BFA4EF300615249 /* PBXContainerItemProxy */;
		};
/* End PBXTargetDependency section */

/* Begin PBXVariantGroup section */
		2F1C89571BFA4EF300615249 /* Main.storyboard */ = {
			isa = PBXVariantGroup;
			children = (
				2F1C89581BFA4EF300615249 /* Base */,
			);
			name = Main.storyboard;
			sourceTree = "<group>";
		};
		2F1C895C1BFA4EF300615249 /* LaunchScreen.xib */ = {
			isa = PBXVariantGroup;
			children = (
				2F1C895D1BFA4EF300615249 /* Base */,
			);
			name = LaunchScreen.xib;
			sourceTree = "<group>";
		};
/* End PBXVariantGroup section */

/* Begin XCBuildConfiguration section */
		2F1C896B1BFA4EF300615249 /* Debug */ = {
			isa = XCBuildConfiguration;
			buildSettings = {
				ALWAYS_SEARCH_USER_PATHS = NO;
				CLANG_CXX_LANGUAGE_STANDARD = "gnu++0x";
				CLANG_CXX_LIBRARY = "libc++";
				CLANG_ENABLE_MODULES = YES;
				CLANG_ENABLE_OBJC_ARC = YES;
				CLANG_WARN_BOOL_CONVERSION = YES;
				CLANG_WARN_CONSTANT_CONVERSION = YES;
				CLANG_WARN_DIRECT_OBJC_ISA_USAGE = YES_ERROR;
				CLANG_WARN_EMPTY_BODY = YES;
				CLANG_WARN_ENUM_CONVERSION = YES;
				CLANG_WARN_INT_CONVERSION = YES;
				CLANG_WARN_OBJC_ROOT_CLASS = YES_ERROR;
				CLANG_WARN_UNREACHABLE_CODE = YES;
				CLANG_WARN__DUPLICATE_METHOD_MATCH = YES;
				"CODE_SIGN_IDENTITY[sdk=iphoneos*]" = "iPhone Developer";
				COPY_PHASE_STRIP = NO;
				DEBUG_INFORMATION_FORMAT = "dwarf-with-dsym";
				ENABLE_STRICT_OBJC_MSGSEND = YES;
				GCC_C_LANGUAGE_STANDARD = gnu99;
				GCC_DYNAMIC_NO_PIC = NO;
				GCC_NO_COMMON_BLOCKS = YES;
				GCC_OPTIMIZATION_LEVEL = 0;
				GCC_PREPROCESSOR_DEFINITIONS = (
					"DEBUG=1",
					"$(inherited)",
				);
				GCC_SYMBOLS_PRIVATE_EXTERN = NO;
				GCC_WARN_64_TO_32_BIT_CONVERSION = YES;
				GCC_WARN_ABOUT_RETURN_TYPE = YES_ERROR;
				GCC_WARN_UNDECLARED_SELECTOR = YES;
				GCC_WARN_UNINITIALIZED_AUTOS = YES_AGGRESSIVE;
				GCC_WARN_UNUSED_FUNCTION = YES;
				GCC_WARN_UNUSED_VARIABLE = YES;
				IPHONEOS_DEPLOYMENT_TARGET = 8.4;
				MTL_ENABLE_DEBUG_INFO = YES;
				ONLY_ACTIVE_ARCH = YES;
				SDKROOT = iphoneos;
				SWIFT_OPTIMIZATION_LEVEL = "-Onone";
			};
			name = Debug;
		};
		2F1C896C1BFA4EF300615249 /* Release */ = {
			isa = XCBuildConfiguration;
			buildSettings = {
				ALWAYS_SEARCH_USER_PATHS = NO;
				CLANG_CXX_LANGUAGE_STANDARD = "gnu++0x";
				CLANG_CXX_LIBRARY = "libc++";
				CLANG_ENABLE_MODULES = YES;
				CLANG_ENABLE_OBJC_ARC = YES;
				CLANG_WARN_BOOL_CONVERSION = YES;
				CLANG_WARN_CONSTANT_CONVERSION = YES;
				CLANG_WARN_DIRECT_OBJC_ISA_USAGE = YES_ERROR;
				CLANG_WARN_EMPTY_BODY = YES;
				CLANG_WARN_ENUM_CONVERSION = YES;
				CLANG_WARN_INT_CONVERSION = YES;
				CLANG_WARN_OBJC_ROOT_CLASS = YES_ERROR;
				CLANG_WARN_UNREACHABLE_CODE = YES;
				CLANG_WARN__DUPLICATE_METHOD_MATCH = YES;
				"CODE_SIGN_IDENTITY[sdk=iphoneos*]" = "iPhone Developer";
				COPY_PHASE_STRIP = NO;
				DEBUG_INFORMATION_FORMAT = "dwarf-with-dsym";
				ENABLE_NS_ASSERTIONS = NO;
				ENABLE_STRICT_OBJC_MSGSEND = YES;
				GCC_C_LANGUAGE_STANDARD = gnu99;
				GCC_NO_COMMON_BLOCKS = YES;
				GCC_WARN_64_TO_32_BIT_CONVERSION = YES;
				GCC_WARN_ABOUT_RETURN_TYPE = YES_ERROR;
				GCC_WARN_UNDECLARED_SELECTOR = YES;
				GCC_WARN_UNINITIALIZED_AUTOS = YES_AGGRESSIVE;
				GCC_WARN_UNUSED_FUNCTION = YES;
				GCC_WARN_UNUSED_VARIABLE = YES;
				IPHONEOS_DEPLOYMENT_TARGET = 8.4;
				MTL_ENABLE_DEBUG_INFO = NO;
				SDKROOT = iphoneos;
				VALIDATE_PRODUCT = YES;
			};
			name = Release;
		};
		2F1C896E1BFA4EF300615249 /* Debug */ = {
			isa = XCBuildConfiguration;
			buildSettings = {
				ASSETCATALOG_COMPILER_APPICON_NAME = AppIcon;
				INFOPLIST_FILE = AquaMaintMain/Info.plist;
				LD_RUNPATH_SEARCH_PATHS = "$(inherited) @executable_path/Frameworks";
				PRODUCT_NAME = "$(TARGET_NAME)";
			};
			name = Debug;
		};
		2F1C896F1BFA4EF300615249 /* Release */ = {
			isa = XCBuildConfiguration;
			buildSettings = {
				ASSETCATALOG_COMPILER_APPICON_NAME = AppIcon;
				INFOPLIST_FILE = AquaMaintMain/Info.plist;
				LD_RUNPATH_SEARCH_PATHS = "$(inherited) @executable_path/Frameworks";
				PRODUCT_NAME = "$(TARGET_NAME)";
			};
			name = Release;
		};
		2F1C89711BFA4EF300615249 /* Debug */ = {
			isa = XCBuildConfiguration;
			buildSettings = {
				BUNDLE_LOADER = "$(TEST_HOST)";
				FRAMEWORK_SEARCH_PATHS = (
					"$(SDKROOT)/Developer/Library/Frameworks",
					"$(inherited)",
				);
				GCC_PREPROCESSOR_DEFINITIONS = (
					"DEBUG=1",
					"$(inherited)",
				);
				INFOPLIST_FILE = AquaMaintMainTests/Info.plist;
				LD_RUNPATH_SEARCH_PATHS = "$(inherited) @executable_path/Frameworks @loader_path/Frameworks";
				PRODUCT_NAME = "$(TARGET_NAME)";
				TEST_HOST = "$(BUILT_PRODUCTS_DIR)/AquaMaintMain.app/AquaMaintMain";
			};
			name = Debug;
		};
		2F1C89721BFA4EF300615249 /* Release */ = {
			isa = XCBuildConfiguration;
			buildSettings = {
				BUNDLE_LOADER = "$(TEST_HOST)";
				FRAMEWORK_SEARCH_PATHS = (
					"$(SDKROOT)/Developer/Library/Frameworks",
					"$(inherited)",
				);
				INFOPLIST_FILE = AquaMaintMainTests/Info.plist;
				LD_RUNPATH_SEARCH_PATHS = "$(inherited) @executable_path/Frameworks @loader_path/Frameworks";
				PRODUCT_NAME = "$(TARGET_NAME)";
				TEST_HOST = "$(BUILT_PRODUCTS_DIR)/AquaMaintMain.app/AquaMaintMain";
			};
			name = Release;
		};
/* End XCBuildConfiguration section */

/* Begin XCConfigurationList section */
		2F1C89491BFA4EF300615249 /* Build configuration list for PBXProject "AquaMaintMain" */ = {
			isa = XCConfigurationList;
			buildConfigurations = (
				2F1C896B1BFA4EF300615249 /* Debug */,
				2F1C896C1BFA4EF300615249 /* Release */,
			);
			defaultConfigurationIsVisible = 0;
			defaultConfigurationName = Release;
		};
		2F1C896D1BFA4EF300615249 /* Build configuration list for PBXNativeTarget "AquaMaintMain" */ = {
			isa = XCConfigurationList;
			buildConfigurations = (
				2F1C896E1BFA4EF300615249 /* Debug */,
				2F1C896F1BFA4EF300615249 /* Release */,
			);
			defaultConfigurationIsVisible = 0;
		};
		2F1C89701BFA4EF300615249 /* Build configuration list for PBXNativeTarget "AquaMaintMainTests" */ = {
			isa = XCConfigurationList;
			buildConfigurations = (
				2F1C89711BFA4EF300615249 /* Debug */,
				2F1C89721BFA4EF300615249 /* Release */,
			);
			defaultConfigurationIsVisible = 0;
		};
/* End XCConfigurationList section */
	};
	rootObject = 2F1C89461BFA4EF300615249 /* Project object */;
}
